
Microsoft Visual Studio Solution File, Format Version 12.00
# Visual Studio 15
VisualStudioVersion = 15.0.27130.2027
MinimumVisualStudioVersion = 10.0.40219.1
Project("{FAE04EC0-301F-11D3-BF4B-00C04F79EFBC}") = "formulario", "formulario\formulario.csproj", "{2DA8889D-EF39-4262-83E2-09A404CEB6AF}"
EndProject
Project("{FAE04EC0-301F-11D3-BF4B-00C04F79EFBC}") = "servicios", "servicios\servicios.csproj", "{B4BF89EB-8401-45AF-8AB3-F19B533B7AA1}"
EndProject
Global
	GlobalSection(SolutionConfigurationPlatforms) = preSolution
		Debug|Any CPU = Debug|Any CPU
		Release|Any CPU = Release|Any CPU
	EndGlobalSection
	GlobalSection(ProjectConfigurationPlatforms) = postSolution
		{2DA8889D-EF39-4262-83E2-09A404CEB6AF}.Debug|Any CPU.ActiveCfg = Debug|Any CPU
		{2DA8889D-EF39-4262-83E2-09A404CEB6AF}.Debug|Any CPU.Build.0 = Debug|Any CPU
		{2DA8889D-EF39-4262-83E2-09A404CEB6AF}.Release|Any CPU.ActiveCfg = Release|Any CPU
		{2DA8889D-EF39-4262-83E2-09A404CEB6AF}.Release|Any CPU.Build.0 = Release|Any CPU
		{B4BF89EB-8401-45AF-8AB3-F19B533B7AA1}.Debug|Any CPU.ActiveCfg = Debug|Any CPU
		{B4BF89EB-8401-45AF-8AB3-F19B533B7AA1}.Debug|Any CPU.Build.0 = Debug|Any CPU
		{B4BF89EB-8401-45AF-8AB3-F19B533B7AA1}.Release|Any CPU.ActiveCfg = Release|Any CPU
		{B4BF89EB-8401-45AF-8AB3-F19B533B7AA1}.Release|Any CPU.Build.0 = Release|Any CPU
	EndGlobalSection
	GlobalSection(SolutionProperties) = preSolution
		HideSolutionNode = FALSE
	EndGlobalSection
	GlobalSection(ExtensibilityGlobals) = postSolution
		SolutionGuid = {16129F2E-7B1C-49D0-9F97-107A6783A39C}
	EndGlobalSection
EndGlobal
